{
    "_readme": [
        "This file locks the dependencies of your project to a known state",
        "Read more about it at https://getcomposer.org/doc/01-basic-usage.md#installing-dependencies",
        "This file is @generated automatically"
    ],
    "content-hash": "7289d5d7889f7b6db9091a7abce9e485",
    "packages": [
        {
            "name": "thomaspark/bootswatch",
            "version": "v4.6.0",
            "source": {
                "type": "git",
                "url": "https://github.com/thomaspark/bootswatch.git",
                "reference": "91712182e0ed651625f2b3d8a0075454f195d7ae"
            },
            "dist": {
                "type": "zip",
                "url": "https://api.github.com/repos/thomaspark/bootswatch/zipball/91712182e0ed651625f2b3d8a0075454f195d7ae",
                "reference": "91712182e0ed651625f2b3d8a0075454f195d7ae",
                "shasum": ""
            },
            "suggest": {
                "robloach/component-installer": "Allows installation of Components via Composer"
            },
            "type": "component",
            "extra": {
                "component": {
                    "name": "bootswatch",
                    "files": [
                        "README.md",
                        "LICENSE",
                        "dist/**/*"
                    ]
                }
            },
            "notification-url": "https://packagist.org/downloads/",
            "license": [
                "MIT"
            ],
            "authors": [
                {
                    "name": "thomaspark",
                    "email": "thomas@bootswatch.com"
                }
            ],
            "description": "Themes for Bootstrap",
            "support": {
                "issues": "https://github.com/thomaspark/bootswatch/issues",
                "source": "https://github.com/thomaspark/bootswatch/tree/v4.6.0"
            },
            "time": "2021-01-20T23:20:08+00:00"
        },
        {
            "name": "twbs/bootstrap",
            "version": "v4.6.0",
            "source": {
                "type": "git",
                "url": "https://github.com/twbs/bootstrap.git",
                "reference": "6ffb0b48e455430f8a5359ed689ad64c1143fac2"
            },
            "dist": {
                "type": "zip",
                "url": "https://api.github.com/repos/twbs/bootstrap/zipball/6ffb0b48e455430f8a5359ed689ad64c1143fac2",
                "reference": "6ffb0b48e455430f8a5359ed689ad64c1143fac2",
                "shasum": ""
            },
            "replace": {
                "twitter/bootstrap": "self.version"
            },
            "type": "library",
            "extra": {
                "branch-alias": {
                    "dev-master": "3.3.x-dev"
                }
            },
            "notification-url": "https://packagist.org/downloads/",
            "license": [
                "MIT"
            ],
            "authors": [
                {
                    "name": "Mark Otto",
                    "email": "markdotto@gmail.com"
                },
                {
                    "name": "Jacob Thornton",
                    "email": "jacobthornton@gmail.com"
                }
            ],
            "description": "The most popular front-end framework for developing responsive, mobile first projects on the web.",
            "homepage": "https://getbootstrap.com/",
            "keywords": [
                "JS",
                "css",
                "framework",
                "front-end",
                "mobile-first",
                "responsive",
                "sass",
                "web"
            ],
            "support": {
                "issues": "https://github.com/twbs/bootstrap/issues",
                "source": "https://github.com/twbs/bootstrap/tree/v4.6.0"
            },
            "funding": [
                {
                    "url": "https://opencollective.com/bootstrap",
                    "type": "open_collective"
                }
            ],
            "time": "2021-01-19T16:16:38+00:00"
        }
    ],
    "packages-dev": [],
    "aliases": [],
    "minimum-stability": "stable",
    "stability-flags": [],
    "prefer-stable": false,
    "prefer-lowest": false,
    "platform": [],
    "platform-dev": [],
    "plugin-api-version": "2.0.0"
}
